// !$*UTF8*$!
{
	archiveVersion = 1;
	classes = {
	};
	objectVersion = 77;
	objects = {

/* Begin PBXBuildFile section */
		865DBA0C2D47A4B200111A0A /* FirebaseAnalytics in Frameworks */ = {isa = PBXBuildFile; productRef = 865DBA0B2D47A4B200111A0A /* FirebaseAnalytics */; };
		865DBA0E2D47A4B200111A0A /* FirebaseAuth in Frameworks */ = {isa = PBXBuildFile; productRef = 865DBA0D2D47A4B200111A0A /* FirebaseAuth */; };
		865DBA102D47A4B200111A0A /* FirebaseFirestore in Frameworks */ = {isa = PBXBuildFile; productRef = 865DBA0F2D47A4B200111A0A /* FirebaseFirestore */; };
/* End PBXBuildFile section */

/* Begin PBXContainerItemProxy section */
		86A6C3802D47762F0016406C /* PBXContainerItemProxy */ = {
			isa = PBXContainerItemProxy;
			containerPortal = 86A6C3672D47762D0016406C /* Project object */;
			proxyType = 1;
			remoteGlobalIDString = 86A6C36E2D47762D0016406C;
			remoteInfo = TelegramIOS;
		};
		86A6C38A2D47762F0016406C /* PBXContainerItemProxy */ = {
			isa = PBXContainerItemProxy;
			containerPortal = 86A6C3672D47762D0016406C /* Project object */;
			proxyType = 1;
			remoteGlobalIDString = 86A6C36E2D47762D0016406C;
			remoteInfo = TelegramIOS;
		};
/* End PBXContainerItemProxy section */

/* Begin PBXFileReference section */
		86A6C36F2D47762D0016406C /* TelegramIOS.app */ = {isa = PBXFileReference; explicitFileType = wrapper.application; includeInIndex = 0; path = TelegramIOS.app; sourceTree = BUILT_PRODUCTS_DIR; };
		86A6C37F2D47762F0016406C /* TelegramIOSTests.xctest */ = {isa = PBXFileReference; explicitFileType = wrapper.cfbundle; includeInIndex = 0; path = TelegramIOSTests.xctest; sourceTree = BUILT_PRODUCTS_DIR; };
		86A6C3892D47762F0016406C /* TelegramIOSUITests.xctest */ = {isa = PBXFileReference; explicitFileType = wrapper.cfbundle; includeInIndex = 0; path = TelegramIOSUITests.xctest; sourceTree = BUILT_PRODUCTS_DIR; };
/* End PBXFileReference section */

/* Begin PBXFileSystemSynchronizedBuildFileExceptionSet section */
		865DBA082D47A0E100111A0A /* Exceptions for "TelegramIOS" folder in "TelegramIOSTests" target */ = {
			isa = PBXFileSystemSynchronizedBuildFileExceptionSet;
			membershipExceptions = (
				"GoogleService-Info.plist",
			);
			target = 86A6C37E2D47762F0016406C /* TelegramIOSTests */;
		};
		865DBA092D47A0E100111A0A /* Exceptions for "TelegramIOS" folder in "TelegramIOSUITests" target */ = {
			isa = PBXFileSystemSynchronizedBuildFileExceptionSet;
			membershipExceptions = (
				"GoogleService-Info.plist",
			);
			target = 86A6C3882D47762F0016406C /* TelegramIOSUITests */;
		};
/* End PBXFileSystemSynchronizedBuildFileExceptionSet section */

/* Begin PBXFileSystemSynchronizedRootGroup section */
		86A6C3712D47762D0016406C /* TelegramIOS */ = {
			isa = PBXFileSystemSynchronizedRootGroup;
			exceptions = (
				865DBA082D47A0E100111A0A /* Exceptions for "TelegramIOS" folder in "TelegramIOSTests" target */,
				865DBA092D47A0E100111A0A /* Exceptions for "TelegramIOS" folder in "TelegramIOSUITests" target */,
			);
			path = TelegramIOS;
			sourceTree = "<group>";
		};
		86A6C3822D47762F0016406C /* TelegramIOSTests */ = {
			isa = PBXFileSystemSynchronizedRootGroup;
			path = TelegramIOSTests;
			sourceTree = "<group>";
		};
		86A6C38C2D47762F0016406C /* TelegramIOSUITests */ = {
			isa = PBXFileSystemSynchronizedRootGroup;
			path = TelegramIOSUITests;
			sourceTree = "<group>";
		};
/* End PBXFileSystemSynchronizedRootGroup section */

/* Begin PBXFrameworksBuildPhase section */
		86A6C36C2D47762D0016406C /* Frameworks */ = {
			isa = PBXFrameworksBuildPhase;
			buildActionMask = 2147483647;
			files = (
				865DBA0C2D47A4B200111A0A /* FirebaseAnalytics in Frameworks */,
				865DBA0E2D47A4B200111A0A /* FirebaseAuth in Frameworks */,
				865DBA102D47A4B200111A0A /* FirebaseFirestore in Frameworks */,
			);
			runOnlyForDeploymentPostprocessing = 0;
		};
		86A6C37C2D47762F0016406C /* Frameworks */ = {
			isa = PBXFrameworksBuildPhase;
			buildActionMask = 2147483647;
			files = (
			);
			runOnlyForDeploymentPostprocessing = 0;
		};
		86A6C3862D47762F0016406C /* Frameworks */ = {
			isa = PBXFrameworksBuildPhase;
			buildActionMask = 2147483647;
			files = (
			);
			runOnlyForDeploymentPostprocessing = 0;
		};
/* End PBXFrameworksBuildPhase section */

/* Begin PBXGroup section */
		86A6C3662D47762D0016406C = {
			isa = PBXGroup;
			children = (
				86A6C3712D47762D0016406C /* TelegramIOS */,
				86A6C3822D47762F0016406C /* TelegramIOSTests */,
				86A6C38C2D47762F0016406C /* TelegramIOSUITests */,
				86A6C3702D47762D0016406C /* Products */,
			);
			sourceTree = "<group>";
		};
		86A6C3702D47762D0016406C /* Products */ = {
			isa = PBXGroup;
			children = (
				86A6C36F2D47762D0016406C /* TelegramIOS.app */,
				86A6C37F2D47762F0016406C /* TelegramIOSTests.xctest */,
				86A6C3892D47762F0016406C /* TelegramIOSUITests.xctest */,
			);
			name = Products;
			sourceTree = "<group>";
		};
/* End PBXGroup section */

/* Begin PBXNativeTarget section */
		86A6C36E2D47762D0016406C /* TelegramIOS */ = {
			isa = PBXNativeTarget;
			buildConfigurationList = 86A6C3932D47762F0016406C /* Build configuration list for PBXNativeTarget "TelegramIOS" */;
			buildPhases = (
				86A6C36B2D47762D0016406C /* Sources */,
				86A6C36C2D47762D0016406C /* Frameworks */,
				86A6C36D2D47762D0016406C /* Resources */,
			);
			buildRules = (
			);
			dependencies = (
			);
			fileSystemSynchronizedGroups = (
				86A6C3712D47762D0016406C /* TelegramIOS */,
			);
			name = TelegramIOS;
			packageProductDependencies = (
				865DBA0B2D47A4B200111A0A /* FirebaseAnalytics */,
				865DBA0D2D47A4B200111A0A /* FirebaseAuth */,
				865DBA0F2D47A4B200111A0A /* FirebaseFirestore */,
			);
			productName = TelegramIOS;
			productReference = 86A6C36F2D47762D0016406C /* TelegramIOS.app */;
			productType = "com.apple.product-type.application";
		};
		86A6C37E2D47762F0016406C /* TelegramIOSTests */ = {
			isa = PBXNativeTarget;
			buildConfigurationList = 86A6C3962D47762F0016406C /* Build configuration list for PBXNativeTarget "TelegramIOSTests" */;
			buildPhases = (
				86A6C37B2D47762F0016406C /* Sources */,
				86A6C37C2D47762F0016406C /* Frameworks */,
				86A6C37D2D47762F0016406C /* Resources */,
			);
			buildRules = (
			);
			dependencies = (
				86A6C3812D47762F0016406C /* PBXTargetDependency */,
			);
			fileSystemSynchronizedGroups = (
				86A6C3822D47762F0016406C /* TelegramIOSTests */,
			);
			name = TelegramIOSTests;
			packageProductDependencies = (
			);
			productName = TelegramIOSTests;
			productReference = 86A6C37F2D47762F0016406C /* TelegramIOSTests.xctest */;
			productType = "com.apple.product-type.bundle.unit-test";
		};
		86A6C3882D47762F0016406C /* TelegramIOSUITests */ = {
			isa = PBXNativeTarget;
			buildConfigurationList = 86A6C3992D47762F0016406C /* Build configuration list for PBXNativeTarget "TelegramIOSUITests" */;
			buildPhases = (
				86A6C3852D47762F0016406C /* Sources */,
				86A6C3862D47762F0016406C /* Frameworks */,
				86A6C3872D47762F0016406C /* Resources */,
			);
			buildRules = (
			);
			dependencies = (
				86A6C38B2D47762F0016406C /* PBXTargetDependency */,
			);
			fileSystemSynchronizedGroups = (
				86A6C38C2D47762F0016406C /* TelegramIOSUITests */,
			);
			name = TelegramIOSUITests;
			packageProductDependencies = (
			);
			productName = TelegramIOSUITests;
			productReference = 86A6C3892D47762F0016406C /* TelegramIOSUITests.xctest */;
			productType = "com.apple.product-type.bundle.ui-testing";
		};
/* End PBXNativeTarget section */

/* Begin PBXProject section */
		86A6C3672D47762D0016406C /* Project object */ = {
			isa = PBXProject;
			attributes = {
				BuildIndependentTargetsInParallel = 1;
				LastSwiftUpdateCheck = 1600;
				LastUpgradeCheck = 1600;
				TargetAttributes = {
					86A6C36E2D47762D0016406C = {
						CreatedOnToolsVersion = 16.0;
					};
					86A6C37E2D47762F0016406C = {
						CreatedOnToolsVersion = 16.0;
						TestTargetID = 86A6C36E2D47762D0016406C;
					};
					86A6C3882D47762F0016406C = {
						CreatedOnToolsVersion = 16.0;
						TestTargetID = 86A6C36E2D47762D0016406C;
					};
				};
			};
			buildConfigurationList = 86A6C36A2D47762D0016406C /* Build configuration list for PBXProject "TelegramIOS" */;
			developmentRegion = en;
			hasScannedForEncodings = 0;
			knownRegions = (
				en,
				Base,
			);
			mainGroup = 86A6C3662D47762D0016406C;
			minimizedProjectReferenceProxies = 1;
			packageReferences = (
				865DBA0A2D47A4B200111A0A /* XCRemoteSwiftPackageReference "firebase-ios-sdk" */,
			);
			preferredProjectObjectVersion = 77;
			productRefGroup = 86A6C3702D47762D0016406C /* Products */;
			projectDirPath = "";
			projectRoot = "";
			targets = (
				86A6C36E2D47762D0016406C /* TelegramIOS */,
				86A6C37E2D47762F0016406C /* TelegramIOSTests */,
				86A6C3882D47762F0016406C /* TelegramIOSUITests */,
			);
		};
/* End PBXProject section */

/* Begin PBXResourcesBuildPhase section */
		86A6C36D2D47762D0016406C /* Resources */ = {
			isa = PBXResourcesBuildPhase;
			buildActionMask = 2147483647;
			files = (
			);
			runOnlyForDeploymentPostprocessing = 0;
		};
		86A6C37D2D47762F0016406C /* Resources */ = {
			isa = PBXResourcesBuildPhase;
			buildActionMask = 2147483647;
			files = (
			);
			runOnlyForDeploymentPostprocessing = 0;
		};
		86A6C3872D47762F0016406C /* Resources */ = {
			isa = PBXResourcesBuildPhase;
			buildActionMask = 2147483647;
			files = (
			);
			runOnlyForDeploymentPostprocessing = 0;
		};
/* End PBXResourcesBuildPhase section */

/* Begin PBXSourcesBuildPhase section */
		86A6C36B2D47762D0016406C /* Sources */ = {
			isa = PBXSourcesBuildPhase;
			buildActionMask = 2147483647;
			files = (
			);
			runOnlyForDeploymentPostprocessing = 0;
		};
		86A6C37B2D47762F0016406C /* Sources */ = {
			isa = PBXSourcesBuildPhase;
			buildActionMask = 2147483647;
			files = (
			);
			runOnlyForDeploymentPostprocessing = 0;
		};
		86A6C3852D47762F0016406C /* Sources */ = {
			isa = PBXSourcesBuildPhase;
			buildActionMask = 2147483647;
			files = (
			);
			runOnlyForDeploymentPostprocessing = 0;
		};
/* End PBXSourcesBuildPhase section */

/* Begin PBXTargetDependency section */
		86A6C3812D47762F0016406C /* PBXTargetDependency */ = {
			isa = PBXTargetDependency;
			target = 86A6C36E2D47762D0016406C /* TelegramIOS */;
			targetProxy = 86A6C3802D47762F0016406C /* PBXContainerItemProxy */;
		};
		86A6C38B2D47762F0016406C /* PBXTargetDependency */ = {
			isa = PBXTargetDependency;
			target = 86A6C36E2D47762D0016406C /* TelegramIOS */;
			targetProxy = 86A6C38A2D47762F0016406C /* PBXContainerItemProxy */;
		};
/* End PBXTargetDependency section */

/* Begin XCBuildConfiguration section */
		86A6C3912D47762F0016406C /* Debug */ = {
			isa = XCBuildConfiguration;
			buildSettings = {
				ALWAYS_SEARCH_USER_PATHS = NO;
				ASSETCATALOG_COMPILER_GENERATE_SWIFT_ASSET_SYMBOL_EXTENSIONS = YES;
				CLANG_ANALYZER_NONNULL = YES;
				CLANG_ANALYZER_NUMBER_OBJECT_CONVERSION = YES_AGGRESSIVE;
				CLANG_CXX_LANGUAGE_STANDARD = "gnu++20";
				CLANG_ENABLE_MODULES = YES;
				CLANG_ENABLE_OBJC_ARC = YES;
				CLANG_ENABLE_OBJC_WEAK = YES;
				CLANG_WARN_BLOCK_CAPTURE_AUTORELEASING = YES;
				CLANG_WARN_BOOL_CONVERSION = YES;
				CLANG_WARN_COMMA = YES;
				CLANG_WARN_CONSTANT_CONVERSION = YES;
				CLANG_WARN_DEPRECATED_OBJC_IMPLEMENTATIONS = YES;
				CLANG_WARN_DIRECT_OBJC_ISA_USAGE = YES_ERROR;
				CLANG_WARN_DOCUMENTATION_COMMENTS = YES;
				CLANG_WARN_EMPTY_BODY = YES;
				CLANG_WARN_ENUM_CONVERSION = YES;
				CLANG_WARN_INFINITE_RECURSION = YES;
				CLANG_WARN_INT_CONVERSION = YES;
				CLANG_WARN_NON_LITERAL_NULL_CONVERSION = YES;
				CLANG_WARN_OBJC_IMPLICIT_RETAIN_SELF = YES;
				CLANG_WARN_OBJC_LITERAL_CONVERSION = YES;
				CLANG_WARN_OBJC_ROOT_CLASS = YES_ERROR;
				CLANG_WARN_QUOTED_INCLUDE_IN_FRAMEWORK_HEADER = YES;
				CLANG_WARN_RANGE_LOOP_ANALYSIS = YES;
				CLANG_WARN_STRICT_PROTOTYPES = YES;
				CLANG_WARN_SUSPICIOUS_MOVE = YES;
				CLANG_WARN_UNGUARDED_AVAILABILITY = YES_AGGRESSIVE;
				CLANG_WARN_UNREACHABLE_CODE = YES;
				CLANG_WARN__DUPLICATE_METHOD_MATCH = YES;
				COPY_PHASE_STRIP = NO;
				DEBUG_INFORMATION_FORMAT = dwarf;
				ENABLE_STRICT_OBJC_MSGSEND = YES;
				ENABLE_TESTABILITY = YES;
				ENABLE_USER_SCRIPT_SANDBOXING = YES;
				GCC_C_LANGUAGE_STANDARD = gnu17;
				GCC_DYNAMIC_NO_PIC = NO;
				GCC_NO_COMMON_BLOCKS = YES;
				GCC_OPTIMIZATION_LEVEL = 0;
				GCC_PREPROCESSOR_DEFINITIONS = (
					"DEBUG=1",
					"$(inherited)",
				);
				GCC_WARN_64_TO_32_BIT_CONVERSION = YES;
				GCC_WARN_ABOUT_RETURN_TYPE = YES_ERROR;
				GCC_WARN_UNDECLARED_SELECTOR = YES;
				GCC_WARN_UNINITIALIZED_AUTOS = YES_AGGRESSIVE;
				GCC_WARN_UNUSED_FUNCTION = YES;
				GCC_WARN_UNUSED_VARIABLE = YES;
				IPHONEOS_DEPLOYMENT_TARGET = 18.0;
				LOCALIZATION_PREFERS_STRING_CATALOGS = YES;
				MTL_ENABLE_DEBUG_INFO = INCLUDE_SOURCE;
				MTL_FAST_MATH = YES;
				ONLY_ACTIVE_ARCH = YES;
				SDKROOT = iphoneos;
				SWIFT_ACTIVE_COMPILATION_CONDITIONS = "DEBUG $(inherited)";
				SWIFT_OPTIMIZATION_LEVEL = "-Onone";
			};
			name = Debug;
		};
		86A6C3922D47762F0016406C /* Release */ = {
			isa = XCBuildConfiguration;
			buildSettings = {
				ALWAYS_SEARCH_USER_PATHS = NO;
				ASSETCATALOG_COMPILER_GENERATE_SWIFT_ASSET_SYMBOL_EXTENSIONS = YES;
				CLANG_ANALYZER_NONNULL = YES;
				CLANG_ANALYZER_NUMBER_OBJECT_CONVERSION = YES_AGGRESSIVE;
				CLANG_CXX_LANGUAGE_STANDARD = "gnu++20";
				CLANG_ENABLE_MODULES = YES;
				CLANG_ENABLE_OBJC_ARC = YES;
				CLANG_ENABLE_OBJC_WEAK = YES;
				CLANG_WARN_BLOCK_CAPTURE_AUTORELEASING = YES;
				CLANG_WARN_BOOL_CONVERSION = YES;
				CLANG_WARN_COMMA = YES;
				CLANG_WARN_CONSTANT_CONVERSION = YES;
				CLANG_WARN_DEPRECATED_OBJC_IMPLEMENTATIONS = YES;
				CLANG_WARN_DIRECT_OBJC_ISA_USAGE = YES_ERROR;
				CLANG_WARN_DOCUMENTATION_COMMENTS = YES;
				CLANG_WARN_EMPTY_BODY = YES;
				CLANG_WARN_ENUM_CONVERSION = YES;
				CLANG_WARN_INFINITE_RECURSION = YES;
				CLANG_WARN_INT_CONVERSION = YES;
				CLANG_WARN_NON_LITERAL_NULL_CONVERSION = YES;
				CLANG_WARN_OBJC_IMPLICIT_RETAIN_SELF = YES;
				CLANG_WARN_OBJC_LITERAL_CONVERSION = YES;
				CLANG_WARN_OBJC_ROOT_CLASS = YES_ERROR;
				CLANG_WARN_QUOTED_INCLUDE_IN_FRAMEWORK_HEADER = YES;
				CLANG_WARN_RANGE_LOOP_ANALYSIS = YES;
				CLANG_WARN_STRICT_PROTOTYPES = YES;
				CLANG_WARN_SUSPICIOUS_MOVE = YES;
				CLANG_WARN_UNGUARDED_AVAILABILITY = YES_AGGRESSIVE;
				CLANG_WARN_UNREACHABLE_CODE = YES;
				CLANG_WARN__DUPLICATE_METHOD_MATCH = YES;
				COPY_PHASE_STRIP = NO;
				DEBUG_INFORMATION_FORMAT = "dwarf-with-dsym";
				ENABLE_NS_ASSERTIONS = NO;
				ENABLE_STRICT_OBJC_MSGSEND = YES;
				ENABLE_USER_SCRIPT_SANDBOXING = YES;
				GCC_C_LANGUAGE_STANDARD = gnu17;
				GCC_NO_COMMON_BLOCKS = YES;
				GCC_WARN_64_TO_32_BIT_CONVERSION = YES;
				GCC_WARN_ABOUT_RETURN_TYPE = YES_ERROR;
				GCC_WARN_UNDECLARED_SELECTOR = YES;
				GCC_WARN_UNINITIALIZED_AUTOS = YES_AGGRESSIVE;
				GCC_WARN_UNUSED_FUNCTION = YES;
				GCC_WARN_UNUSED_VARIABLE = YES;
				IPHONEOS_DEPLOYMENT_TARGET = 18.0;
				LOCALIZATION_PREFERS_STRING_CATALOGS = YES;
				MTL_ENABLE_DEBUG_INFO = NO;
				MTL_FAST_MATH = YES;
				SDKROOT = iphoneos;
				SWIFT_COMPILATION_MODE = wholemodule;
				VALIDATE_PRODUCT = YES;
			};
			name = Release;
		};
		86A6C3942D47762F0016406C /* Debug */ = {
			isa = XCBuildConfiguration;
			buildSettings = {
				ASSETCATALOG_COMPILER_APPICON_NAME = AppIcon;
				ASSETCATALOG_COMPILER_GLOBAL_ACCENT_COLOR_NAME = AccentColor;
				CODE_SIGN_STYLE = Automatic;
				CURRENT_PROJECT_VERSION = 1;
				DEVELOPMENT_ASSET_PATHS = "\"TelegramIOS/Preview Content\"";
				DEVELOPMENT_TEAM = 2AS4WY4534;
				ENABLE_PREVIEWS = YES;
				GENERATE_INFOPLIST_FILE = YES;
				INFOPLIST_KEY_UIApplicationSceneManifest_Generation = YES;
				INFOPLIST_KEY_UIApplicationSupportsIndirectInputEvents = YES;
				INFOPLIST_KEY_UILaunchScreen_Generation = YES;
				INFOPLIST_KEY_UISupportedInterfaceOrientations_iPad = "UIInterfaceOrientationPortrait UIInterfaceOrientationPortraitUpsideDown UIInterfaceOrientationLandscapeLeft UIInterfaceOrientationLandscapeRight";
				INFOPLIST_KEY_UISupportedInterfaceOrientations_iPhone = "UIInterfaceOrientationPortrait UIInterfaceOrientationLandscapeLeft UIInterfaceOrientationLandscapeRight";
				LD_RUNPATH_SEARCH_PATHS = (
					"$(inherited)",
					"@executable_path/Frameworks",
				);
				MARKETING_VERSION = 1.0;
				PRODUCT_BUNDLE_IDENTIFIER = ge.demo.TelegramIOS;
				PRODUCT_NAME = "$(TARGET_NAME)";
				SWIFT_EMIT_LOC_STRINGS = YES;
				SWIFT_VERSION = 5.0;
				TARGETED_DEVICE_FAMILY = "1,2";
			};
			name = Debug;
		};
		86A6C3952D47762F0016406C /* Release */ = {
			isa = XCBuildConfiguration;
			buildSettings = {
				ASSETCATALOG_COMPILER_APPICON_NAME = AppIcon;
				ASSETCATALOG_COMPILER_GLOBAL_ACCENT_COLOR_NAME = AccentColor;
				CODE_SIGN_STYLE = Automatic;
				CURRENT_PROJECT_VERSION = 1;
				DEVELOPMENT_ASSET_PATHS = "\"TelegramIOS/Preview Content\"";
				DEVELOPMENT_TEAM = 2AS4WY4534;
				ENABLE_PREVIEWS = YES;
				GENERATE_INFOPLIST_FILE = YES;
				INFOPLIST_KEY_UIApplicationSceneManifest_Generation = YES;
				INFOPLIST_KEY_UIApplicationSupportsIndirectInputEvents = YES;
				INFOPLIST_KEY_UILaunchScreen_Generation = YES;
				INFOPLIST_KEY_UISupportedInterfaceOrientations_iPad = "UIInterfaceOrientationPortrait UIInterfaceOrientationPortraitUpsideDown UIInterfaceOrientationLandscapeLeft UIInterfaceOrientationLandscapeRight";
				INFOPLIST_KEY_UISupportedInterfaceOrientations_iPhone = "UIInterfaceOrientationPortrait UIInterfaceOrientationLandscapeLeft UIInterfaceOrientationLandscapeRight";
				LD_RUNPATH_SEARCH_PATHS = (
					"$(inherited)",
					"@executable_path/Frameworks",
				);
				MARKETING_VERSION = 1.0;
				PRODUCT_BUNDLE_IDENTIFIER = ge.demo.TelegramIOS;
				PRODUCT_NAME = "$(TARGET_NAME)";
				SWIFT_EMIT_LOC_STRINGS = YES;
				SWIFT_VERSION = 5.0;
				TARGETED_DEVICE_FAMILY = "1,2";
			};
			name = Release;
		};
		86A6C3972D47762F0016406C /* Debug */ = {
			isa = XCBuildConfiguration;
			buildSettings = {
				BUNDLE_LOADER = "$(TEST_HOST)";
				CODE_SIGN_STYLE = Automatic;
				CURRENT_PROJECT_VERSION = 1;
				DEVELOPMENT_TEAM = 2AS4WY4534;
				GENERATE_INFOPLIST_FILE = YES;
				IPHONEOS_DEPLOYMENT_TARGET = 18.0;
				MARKETING_VERSION = 1.0;
				PRODUCT_BUNDLE_IDENTIFIER = ge.demo.TelegramIOSTests;
				PRODUCT_NAME = "$(TARGET_NAME)";
				SWIFT_EMIT_LOC_STRINGS = NO;
				SWIFT_VERSION = 5.0;
				TARGETED_DEVICE_FAMILY = "1,2";
				TEST_HOST = "$(BUILT_PRODUCTS_DIR)/TelegramIOS.app/$(BUNDLE_EXECUTABLE_FOLDER_PATH)/TelegramIOS";
			};
			name = Debug;
		};
		86A6C3982D47762F0016406C /* Release */ = {
			isa = XCBuildConfiguration;
			buildSettings = {
				BUNDLE_LOADER = "$(TEST_HOST)";
				CODE_SIGN_STYLE = Automatic;
				CURRENT_PROJECT_VERSION = 1;
				DEVELOPMENT_TEAM = 2AS4WY4534;
				GENERATE_INFOPLIST_FILE = YES;
				IPHONEOS_DEPLOYMENT_TARGET = 18.0;
				MARKETING_VERSION = 1.0;
				PRODUCT_BUNDLE_IDENTIFIER = ge.demo.TelegramIOSTests;
				PRODUCT_NAME = "$(TARGET_NAME)";
				SWIFT_EMIT_LOC_STRINGS = NO;
				SWIFT_VERSION = 5.0;
				TARGETED_DEVICE_FAMILY = "1,2";
				TEST_HOST = "$(BUILT_PRODUCTS_DIR)/TelegramIOS.app/$(BUNDLE_EXECUTABLE_FOLDER_PATH)/TelegramIOS";
			};
			name = Release;
		};
		86A6C39A2D47762F0016406C /* Debug */ = {
			isa = XCBuildConfiguration;
			buildSettings = {
				CODE_SIGN_STYLE = Automatic;
				CURRENT_PROJECT_VERSION = 1;
				DEVELOPMENT_TEAM = 2AS4WY4534;
				GENERATE_INFOPLIST_FILE = YES;
				MARKETING_VERSION = 1.0;
				PRODUCT_BUNDLE_IDENTIFIER = ge.demo.TelegramIOSUITests;
				PRODUCT_NAME = "$(TARGET_NAME)";
				SWIFT_EMIT_LOC_STRINGS = NO;
				SWIFT_VERSION = 5.0;
				TARGETED_DEVICE_FAMILY = "1,2";
				TEST_TARGET_NAME = TelegramIOS;
			};
			name = Debug;
		};
		86A6C39B2D47762F0016406C /* Release */ = {
			isa = XCBuildConfiguration;
			buildSettings = {
				CODE_SIGN_STYLE = Automatic;
				CURRENT_PROJECT_VERSION = 1;
				DEVELOPMENT_TEAM = 2AS4WY4534;
				GENERATE_INFOPLIST_FILE = YES;
				MARKETING_VERSION = 1.0;
				PRODUCT_BUNDLE_IDENTIFIER = ge.demo.TelegramIOSUITests;
				PRODUCT_NAME = "$(TARGET_NAME)";
				SWIFT_EMIT_LOC_STRINGS = NO;
				SWIFT_VERSION = 5.0;
				TARGETED_DEVICE_FAMILY = "1,2";
				TEST_TARGET_NAME = TelegramIOS;
			};
			name = Release;
		};
/* End XCBuildConfiguration section */

/* Begin XCConfigurationList section */
		86A6C36A2D47762D0016406C /* Build configuration list for PBXProject "TelegramIOS" */ = {
			isa = XCConfigurationList;
			buildConfigurations = (
				86A6C3912D47762F0016406C /* Debug */,
				86A6C3922D47762F0016406C /* Release */,
			);
			defaultConfigurationIsVisible = 0;
			defaultConfigurationName = Release;
		};
		86A6C3932D47762F0016406C /* Build configuration list for PBXNativeTarget "TelegramIOS" */ = {
			isa = XCConfigurationList;
			buildConfigurations = (
				86A6C3942D47762F0016406C /* Debug */,
				86A6C3952D47762F0016406C /* Release */,
			);
			defaultConfigurationIsVisible = 0;
			defaultConfigurationName = Release;
		};
		86A6C3962D47762F0016406C /* Build configuration list for PBXNativeTarget "TelegramIOSTests" */ = {
			isa = XCConfigurationList;
			buildConfigurations = (
				86A6C3972D47762F0016406C /* Debug */,
				86A6C3982D47762F0016406C /* Release */,
			);
			defaultConfigurationIsVisible = 0;
			defaultConfigurationName = Release;
		};
		86A6C3992D47762F0016406C /* Build configuration list for PBXNativeTarget "TelegramIOSUITests" */ = {
			isa = XCConfigurationList;
			buildConfigurations = (
				86A6C39A2D47762F0016406C /* Debug */,
				86A6C39B2D47762F0016406C /* Release */,
			);
			defaultConfigurationIsVisible = 0;
			defaultConfigurationName = Release;
		};
/* End XCConfigurationList section */

/* Begin XCRemoteSwiftPackageReference section */
		865DBA0A2D47A4B200111A0A /* XCRemoteSwiftPackageReference "firebase-ios-sdk" */ = {
			isa = XCRemoteSwiftPackageReference;
			repositoryURL = "https://github.com/firebase/firebase-ios-sdk";
			requirement = {
				kind = upToNextMajorVersion;
				minimumVersion = 11.7.0;
			};
		};
/* End XCRemoteSwiftPackageReference section */

/* Begin XCSwiftPackageProductDependency section */
		865DBA0B2D47A4B200111A0A /* FirebaseAnalytics */ = {
			isa = XCSwiftPackageProductDependency;
			package = 865DBA0A2D47A4B200111A0A /* XCRemoteSwiftPackageReference "firebase-ios-sdk" */;
			productName = FirebaseAnalytics;
		};
		865DBA0D2D47A4B200111A0A /* FirebaseAuth */ = {
			isa = XCSwiftPackageProductDependency;
			package = 865DBA0A2D47A4B200111A0A /* XCRemoteSwiftPackageReference "firebase-ios-sdk" */;
			productName = FirebaseAuth;
		};
		865DBA0F2D47A4B200111A0A /* FirebaseFirestore */ = {
			isa = XCSwiftPackageProductDependency;
			package = 865DBA0A2D47A4B200111A0A /* XCRemoteSwiftPackageReference "firebase-ios-sdk" */;
			productName = FirebaseFirestore;
		};
/* End XCSwiftPackageProductDependency section */
	};
	rootObject = 86A6C3672D47762D0016406C /* Project object */;
}
